
Microsoft Visual Studio Solution File, Format Version 12.00
# Visual Studio Version 17
VisualStudioVersion = 17.1.32328.378
MinimumVisualStudioVersion = 10.0.40219.1
Project("{9A19103F-16F7-4668-BE54-9A1E7A4F7556}") = "OSLV", "OSLV\OSLV.csproj", "{6626F59F-7394-4E64-936E-01D9AA9C625B}"
EndProject
Project("{2150E333-8FDC-42A3-9474-1A3956D46DE8}") = "Core", "Core", "{880B857D-1DA2-4007-B536-7ED755CB1079}"
EndProject
Project("{2150E333-8FDC-42A3-9474-1A3956D46DE8}") = "Thirdparty", "Thirdparty", "{F8781F23-1327-4482-AA84-64CBD75F304E}"
EndProject
Project("{9A19103F-16F7-4668-BE54-9A1E7A4F7556}") = "ImGui.NET", "ThirdParty\ImGui.NET\src\ImGui.NET\ImGui.NET.csproj", "{971F2E3F-EACF-437A-9666-9DDC84C5B355}"
EndProject
Project("{9A19103F-16F7-4668-BE54-9A1E7A4F7556}") = "ImGuizmo.NET", "ThirdParty\ImGui.NET\src\ImGuizmo.NET\ImGuizmo.NET.csproj", "{69B91587-3842-4565-AC83-248285B032F9}"
EndProject
Global
	GlobalSection(SolutionConfigurationPlatforms) = preSolution
		Debug|Any CPU = Debug|Any CPU
		Release|Any CPU = Release|Any CPU
	EndGlobalSection
	GlobalSection(ProjectConfigurationPlatforms) = postSolution
		{6626F59F-7394-4E64-936E-01D9AA9C625B}.Debug|Any CPU.ActiveCfg = Debug|Any CPU
		{6626F59F-7394-4E64-936E-01D9AA9C625B}.Debug|Any CPU.Build.0 = Debug|Any CPU
		{6626F59F-7394-4E64-936E-01D9AA9C625B}.Release|Any CPU.ActiveCfg = Release|Any CPU
		{6626F59F-7394-4E64-936E-01D9AA9C625B}.Release|Any CPU.Build.0 = Release|Any CPU
		{971F2E3F-EACF-437A-9666-9DDC84C5B355}.Debug|Any CPU.ActiveCfg = Debug|Any CPU
		{971F2E3F-EACF-437A-9666-9DDC84C5B355}.Debug|Any CPU.Build.0 = Debug|Any CPU
		{971F2E3F-EACF-437A-9666-9DDC84C5B355}.Release|Any CPU.ActiveCfg = Release|Any CPU
		{971F2E3F-EACF-437A-9666-9DDC84C5B355}.Release|Any CPU.Build.0 = Release|Any CPU
		{69B91587-3842-4565-AC83-248285B032F9}.Debug|Any CPU.ActiveCfg = Debug|Any CPU
		{69B91587-3842-4565-AC83-248285B032F9}.Debug|Any CPU.Build.0 = Debug|Any CPU
		{69B91587-3842-4565-AC83-248285B032F9}.Release|Any CPU.ActiveCfg = Release|Any CPU
		{69B91587-3842-4565-AC83-248285B032F9}.Release|Any CPU.Build.0 = Release|Any CPU
	EndGlobalSection
	GlobalSection(SolutionProperties) = preSolution
		HideSolutionNode = FALSE
	EndGlobalSection
	GlobalSection(NestedProjects) = preSolution
		{6626F59F-7394-4E64-936E-01D9AA9C625B} = {880B857D-1DA2-4007-B536-7ED755CB1079}
		{971F2E3F-EACF-437A-9666-9DDC84C5B355} = {F8781F23-1327-4482-AA84-64CBD75F304E}
		{69B91587-3842-4565-AC83-248285B032F9} = {F8781F23-1327-4482-AA84-64CBD75F304E}
	EndGlobalSection
	GlobalSection(ExtensibilityGlobals) = postSolution
		SolutionGuid = {750F74B6-BD1C-4AB7-9BEF-355932E135C2}
	EndGlobalSection
EndGlobal
